
Microsoft Visual Studio Solution File, Format Version 11.00
# Visual Studio 2010
Project("{FAE04EC0-301F-11D3-BF4B-00C04F79EFBC}") = "Assembly-CSharp", "Assembly-CSharp.csproj", "{16FA2B19-2D82-76D1-45E1-2D58128C9A76}"
EndProject
Project("{FAE04EC0-301F-11D3-BF4B-00C04F79EFBC}") = "Assembly-CSharp-firstpass", "Assembly-CSharp-firstpass.csproj", "{006B1C0A-1E63-C9DB-8005-2A527AEDD7C3}"
EndProject
Project("{FAE04EC0-301F-11D3-BF4B-00C04F79EFBC}") = "Assembly-CSharp-Editor", "Assembly-CSharp-Editor.csproj", "{D7CB06F7-7ECC-4C5E-9D45-6EF246AD6DE6}"
EndProject
Global
	GlobalSection(SolutionConfigurationPlatforms) = preSolution
		Debug|Any CPU = Debug|Any CPU
		Release|Any CPU = Release|Any CPU
	EndGlobalSection
	GlobalSection(ProjectConfigurationPlatforms) = postSolution
		{16FA2B19-2D82-76D1-45E1-2D58128C9A76}.Debug|Any CPU.ActiveCfg = Debug|Any CPU
		{16FA2B19-2D82-76D1-45E1-2D58128C9A76}.Debug|Any CPU.Build.0 = Debug|Any CPU
		{16FA2B19-2D82-76D1-45E1-2D58128C9A76}.Release|Any CPU.ActiveCfg = Release|Any CPU
		{16FA2B19-2D82-76D1-45E1-2D58128C9A76}.Release|Any CPU.Build.0 = Release|Any CPU
		{006B1C0A-1E63-C9DB-8005-2A527AEDD7C3}.Debug|Any CPU.ActiveCfg = Debug|Any CPU
		{006B1C0A-1E63-C9DB-8005-2A527AEDD7C3}.Debug|Any CPU.Build.0 = Debug|Any CPU
		{006B1C0A-1E63-C9DB-8005-2A527AEDD7C3}.Release|Any CPU.ActiveCfg = Release|Any CPU
		{006B1C0A-1E63-C9DB-8005-2A527AEDD7C3}.Release|Any CPU.Build.0 = Release|Any CPU
		{D7CB06F7-7ECC-4C5E-9D45-6EF246AD6DE6}.Debug|Any CPU.ActiveCfg = Debug|Any CPU
		{D7CB06F7-7ECC-4C5E-9D45-6EF246AD6DE6}.Debug|Any CPU.Build.0 = Debug|Any CPU
		{D7CB06F7-7ECC-4C5E-9D45-6EF246AD6DE6}.Release|Any CPU.ActiveCfg = Release|Any CPU
		{D7CB06F7-7ECC-4C5E-9D45-6EF246AD6DE6}.Release|Any CPU.Build.0 = Release|Any CPU
	EndGlobalSection
	GlobalSection(SolutionProperties) = preSolution
		HideSolutionNode = FALSE
	EndGlobalSection
	GlobalSection(MonoDevelopProperties) = preSolution
		StartupItem = Assembly-CSharp.csproj
	EndGlobalSection
EndGlobal
